
Microsoft Visual Studio Solution File, Format Version 12.00
# Visual Studio 14
VisualStudioVersion = 14.0.24720.0
MinimumVisualStudioVersion = 10.0.40219.1
Project("{FAE04EC0-301F-11D3-BF4B-00C04F79EFBC}") = "StatGet_CSharp", "StatGet_CSharp.csproj", "{810BC170-AD61-42D3-8166-2BF95DE0B5CF}"
EndProject
Global
	GlobalSection(SolutionConfigurationPlatforms) = preSolution
		Debug|Any CPU = Debug|Any CPU
		Release|Any CPU = Release|Any CPU
	EndGlobalSection
	GlobalSection(ProjectConfigurationPlatforms) = postSolution
		{810BC170-AD61-42D3-8166-2BF95DE0B5CF}.Debug|Any CPU.ActiveCfg = Debug|Any CPU
		{810BC170-AD61-42D3-8166-2BF95DE0B5CF}.Debug|Any CPU.Build.0 = Debug|Any CPU
		{810BC170-AD61-42D3-8166-2BF95DE0B5CF}.Release|Any CPU.ActiveCfg = Release|Any CPU
		{810BC170-AD61-42D3-8166-2BF95DE0B5CF}.Release|Any CPU.Build.0 = Release|Any CPU
	EndGlobalSection
	GlobalSection(SolutionProperties) = preSolution
		HideSolutionNode = FALSE
	EndGlobalSection
EndGlobal
